{
  "nodes": {
    "flake-utils": {
      "locked": {
        "lastModified": 1649676176,
        "narHash": "sha256-OWKJratjt2RW151VUlJPRALb7OU2S5s+f0vLj4o1bHM=",
        "owner": "numtide",
        "repo": "flake-utils",
        "rev": "a4b154ebbdc88c8498a5c7b01589addc9e9cb678",
        "type": "github"
      },
      "original": {
        "owner": "numtide",
        "repo": "flake-utils",
        "type": "github"
      }
    },
    "nixpkgs": {
      "locked": {
        "lastModified": 1651159327,
        "narHash": "sha256-hJiCfcJJ3nPnnprGZaDFBdVhIdOJp0sVZjxHTFKxKm4=",
        "owner": "NixOS",
        "repo": "nixpkgs",
        "rev": "83177a1e1eb8864b591337d0dfbd295ad9c19ace",
        "type": "github"
      },
      "original": {
        "owner": "NixOS",
        "repo": "nixpkgs",
        "type": "github"
      }
    },
    "root": {
      "inputs": {
        "flake-utils": "flake-utils",
        "nixpkgs": "nixpkgs",
        "rust-overlay": "rust-overlay"
      }
    },
    "rust-overlay": {
      "inputs": {
        "flake-utils": [
          "flake-utils"
        ],
        "nixpkgs": [
          "nixpkgs"
        ]
      },
      "locked": {
        "lastModified": 1651114831,
        "narHash": "sha256-fbztwl7iIvnFwcm/u0Eigcvkl6uH97tEXUJqizbyl1k=",
        "owner": "oxalica",
        "repo": "rust-overlay",
        "rev": "89e658c1c8d81eeaad78750ab29975594f57eda2",
        "type": "github"
      },
      "original": {
        "owner": "oxalica",
        "repo": "rust-overlay",
        "type": "github"
      }
    }
  },
  "root": "root",
  "version": 7
}
